
Microsoft Visual Studio Solution File, Format Version 12.00
Project("{2150E333-8FDC-42A3-9474-1A3956D46DE8}") = "Authentication", "Authentication", "{38747B62-5916-431F-9105-2DFA64566B11}"
EndProject
Project("{FAE04EC0-301F-11D3-BF4B-00C04F79EFBC}") = "Entites", "Entites\Entites.csproj", "{9AFF19E0-C800-4BA2-9860-089C91939347}"
EndProject
Project("{FAE04EC0-301F-11D3-BF4B-00C04F79EFBC}") = "UseCases", "UseCases\UseCases.csproj", "{E67CD318-F218-429D-B93C-FA944BF6BA5E}"
EndProject
Project("{FAE04EC0-301F-11D3-BF4B-00C04F79EFBC}") = "infrastructure", "infrastructure\infrastructure.csproj", "{AC71BD78-0939-431C-84A6-B48F1CA90801}"
EndProject
Project("{2150E333-8FDC-42A3-9474-1A3956D46DE8}") = "Solution Items", "Solution Items", "{AE32F46B-0D03-4EB1-9657-E594EC2BF3F6}"
	ProjectSection(SolutionItems) = preProject
		compose.yaml = compose.yaml
	EndProjectSection
EndProject
Project("{FAE04EC0-301F-11D3-BF4B-00C04F79EFBC}") = "Presentation", "Presentation\Presentation.csproj", "{87B80B6B-3935-4305-A06A-0E3DBD28BD0F}"
EndProject
Project("{2150E333-8FDC-42A3-9474-1A3956D46DE8}") = "Common", "Common", "{58FEC41D-9E8C-4F33-B641-18E463F678C7}"
EndProject
Project("{FAE04EC0-301F-11D3-BF4B-00C04F79EFBC}") = "Result", "Result\Result.csproj", "{BD83364B-04B1-4D66-A9E4-91E8C9FDCB71}"
EndProject
Project("{FAE04EC0-301F-11D3-BF4B-00C04F79EFBC}") = "Mappings", "Mappings\Mappings.csproj", "{E8B9BB0D-14C4-4D42-9F7C-CD8A0474EBDB}"
EndProject
Global
	GlobalSection(SolutionConfigurationPlatforms) = preSolution
		Debug|Any CPU = Debug|Any CPU
		Release|Any CPU = Release|Any CPU
	EndGlobalSection
	GlobalSection(ProjectConfigurationPlatforms) = postSolution
		{9AFF19E0-C800-4BA2-9860-089C91939347}.Debug|Any CPU.ActiveCfg = Debug|Any CPU
		{9AFF19E0-C800-4BA2-9860-089C91939347}.Debug|Any CPU.Build.0 = Debug|Any CPU
		{9AFF19E0-C800-4BA2-9860-089C91939347}.Release|Any CPU.ActiveCfg = Release|Any CPU
		{9AFF19E0-C800-4BA2-9860-089C91939347}.Release|Any CPU.Build.0 = Release|Any CPU
		{E67CD318-F218-429D-B93C-FA944BF6BA5E}.Debug|Any CPU.ActiveCfg = Debug|Any CPU
		{E67CD318-F218-429D-B93C-FA944BF6BA5E}.Debug|Any CPU.Build.0 = Debug|Any CPU
		{E67CD318-F218-429D-B93C-FA944BF6BA5E}.Release|Any CPU.ActiveCfg = Release|Any CPU
		{E67CD318-F218-429D-B93C-FA944BF6BA5E}.Release|Any CPU.Build.0 = Release|Any CPU
		{AC71BD78-0939-431C-84A6-B48F1CA90801}.Debug|Any CPU.ActiveCfg = Debug|Any CPU
		{AC71BD78-0939-431C-84A6-B48F1CA90801}.Debug|Any CPU.Build.0 = Debug|Any CPU
		{AC71BD78-0939-431C-84A6-B48F1CA90801}.Release|Any CPU.ActiveCfg = Release|Any CPU
		{AC71BD78-0939-431C-84A6-B48F1CA90801}.Release|Any CPU.Build.0 = Release|Any CPU
		{87B80B6B-3935-4305-A06A-0E3DBD28BD0F}.Debug|Any CPU.ActiveCfg = Debug|Any CPU
		{87B80B6B-3935-4305-A06A-0E3DBD28BD0F}.Debug|Any CPU.Build.0 = Debug|Any CPU
		{87B80B6B-3935-4305-A06A-0E3DBD28BD0F}.Release|Any CPU.ActiveCfg = Release|Any CPU
		{87B80B6B-3935-4305-A06A-0E3DBD28BD0F}.Release|Any CPU.Build.0 = Release|Any CPU
		{BD83364B-04B1-4D66-A9E4-91E8C9FDCB71}.Debug|Any CPU.ActiveCfg = Debug|Any CPU
		{BD83364B-04B1-4D66-A9E4-91E8C9FDCB71}.Debug|Any CPU.Build.0 = Debug|Any CPU
		{BD83364B-04B1-4D66-A9E4-91E8C9FDCB71}.Release|Any CPU.ActiveCfg = Release|Any CPU
		{BD83364B-04B1-4D66-A9E4-91E8C9FDCB71}.Release|Any CPU.Build.0 = Release|Any CPU
		{E8B9BB0D-14C4-4D42-9F7C-CD8A0474EBDB}.Debug|Any CPU.ActiveCfg = Debug|Any CPU
		{E8B9BB0D-14C4-4D42-9F7C-CD8A0474EBDB}.Debug|Any CPU.Build.0 = Debug|Any CPU
		{E8B9BB0D-14C4-4D42-9F7C-CD8A0474EBDB}.Release|Any CPU.ActiveCfg = Release|Any CPU
		{E8B9BB0D-14C4-4D42-9F7C-CD8A0474EBDB}.Release|Any CPU.Build.0 = Release|Any CPU
	EndGlobalSection
	GlobalSection(NestedProjects) = preSolution
		{9AFF19E0-C800-4BA2-9860-089C91939347} = {38747B62-5916-431F-9105-2DFA64566B11}
		{E67CD318-F218-429D-B93C-FA944BF6BA5E} = {38747B62-5916-431F-9105-2DFA64566B11}
		{AC71BD78-0939-431C-84A6-B48F1CA90801} = {38747B62-5916-431F-9105-2DFA64566B11}
		{87B80B6B-3935-4305-A06A-0E3DBD28BD0F} = {38747B62-5916-431F-9105-2DFA64566B11}
		{BD83364B-04B1-4D66-A9E4-91E8C9FDCB71} = {58FEC41D-9E8C-4F33-B641-18E463F678C7}
		{E8B9BB0D-14C4-4D42-9F7C-CD8A0474EBDB} = {58FEC41D-9E8C-4F33-B641-18E463F678C7}
	EndGlobalSection
EndGlobal
